// !$*UTF8*$!
{
	archiveVersion = 1;
	classes = {
	};
	objectVersion = 46;
	objects = {

/* Begin PBXBuildFile section */
		18C2BA1C1C7FFABA00E4413F /* main.m in Sources */ = {isa = PBXBuildFile; fileRef = 18C2BA1B1C7FFABA00E4413F /* main.m */; };
		18C2BA1F1C7FFABA00E4413F /* AppDelegate.m in Sources */ = {isa = PBXBuildFile; fileRef = 18C2BA1E1C7FFABA00E4413F /* AppDelegate.m */; };
		18C2BA221C7FFABA00E4413F /* ViewController.m in Sources */ = {isa = PBXBuildFile; fileRef = 18C2BA211C7FFABA00E4413F /* ViewController.m */; };
		18C2BA251C7FFABA00E4413F /* Main.storyboard in Resources */ = {isa = PBXBuildFile; fileRef = 18C2BA231C7FFABA00E4413F /* Main.storyboard */; };
		18C2BA271C7FFABA00E4413F /* Assets.xcassets in Resources */ = {isa = PBXBuildFile; fileRef = 18C2BA261C7FFABA00E4413F /* Assets.xcassets */; };
		18C2BA2A1C7FFABA00E4413F /* LaunchScreen.storyboard in Resources */ = {isa = PBXBuildFile; fileRef = 18C2BA281C7FFABA00E4413F /* LaunchScreen.storyboard */; };
		18C2BA351C7FFABA00E4413F /* learntest2Tests.m in Sources */ = {isa = PBXBuildFile; fileRef = 18C2BA341C7FFABA00E4413F /* learntest2Tests.m */; };
		18C2BA401C7FFABA00E4413F /* learntest2UITests.m in Sources */ = {isa = PBXBuildFile; fileRef = 18C2BA3F1C7FFABA00E4413F /* learntest2UITests.m */; };
/* End PBXBuildFile section */

/* Begin PBXContainerItemProxy section */
		18C2BA311C7FFABA00E4413F /* PBXContainerItemProxy */ = {
			isa = PBXContainerItemProxy;
			containerPortal = 18C2BA0F1C7FFABA00E4413F /* Project object */;
			proxyType = 1;
			remoteGlobalIDString = 18C2BA161C7FFABA00E4413F;
			remoteInfo = learntest2;
		};
		18C2BA3C1C7FFABA00E4413F /* PBXContainerItemProxy */ = {
			isa = PBXContainerItemProxy;
			containerPortal = 18C2BA0F1C7FFABA00E4413F /* Project object */;
			proxyType = 1;
			remoteGlobalIDString = 18C2BA161C7FFABA00E4413F;
			remoteInfo = learntest2;
		};
/* End PBXContainerItemProxy section */

/* Begin PBXFileReference section */
		18C2BA171C7FFABA00E4413F /* learntest2.app */ = {isa = PBXFileReference; explicitFileType = wrapper.application; includeInIndex = 0; path = learntest2.app; sourceTree = BUILT_PRODUCTS_DIR; };
		18C2BA1B1C7FFABA00E4413F /* main.m */ = {isa = PBXFileReference; lastKnownFileType = sourcecode.c.objc; path = main.m; sourceTree = "<group>"; };
		18C2BA1D1C7FFABA00E4413F /* AppDelegate.h */ = {isa = PBXFileReference; lastKnownFileType = sourcecode.c.h; path = AppDelegate.h; sourceTree = "<group>"; };
		18C2BA1E1C7FFABA00E4413F /* AppDelegate.m */ = {isa = PBXFileReference; lastKnownFileType = sourcecode.c.objc; path = AppDelegate.m; sourceTree = "<group>"; };
		18C2BA201C7FFABA00E4413F /* ViewController.h */ = {isa = PBXFileReference; lastKnownFileType = sourcecode.c.h; path = ViewController.h; sourceTree = "<group>"; };
		18C2BA211C7FFABA00E4413F /* ViewController.m */ = {isa = PBXFileReference; lastKnownFileType = sourcecode.c.objc; path = ViewController.m; sourceTree = "<group>"; };
		18C2BA241C7FFABA00E4413F /* Base */ = {isa = PBXFileReference; lastKnownFileType = file.storyboard; name = Base; path = Base.lproj/Main.storyboard; sourceTree = "<group>"; };
		18C2BA261C7FFABA00E4413F /* Assets.xcassets */ = {isa = PBXFileReference; lastKnownFileType = folder.assetcatalog; path = Assets.xcassets; sourceTree = "<group>"; };
		18C2BA291C7FFABA00E4413F /* Base */ = {isa = PBXFileReference; lastKnownFileType = file.storyboard; name = Base; path = Base.lproj/LaunchScreen.storyboard; sourceTree = "<group>"; };
		18C2BA2B1C7FFABA00E4413F /* Info.plist */ = {isa = PBXFileReference; lastKnownFileType = text.plist.xml; path = Info.plist; sourceTree = "<group>"; };
		18C2BA301C7FFABA00E4413F /* learntest2Tests.xctest */ = {isa = PBXFileReference; explicitFileType = wrapper.cfbundle; includeInIndex = 0; path = learntest2Tests.xctest; sourceTree = BUILT_PRODUCTS_DIR; };
		18C2BA341C7FFABA00E4413F /* learntest2Tests.m */ = {isa = PBXFileReference; lastKnownFileType = sourcecode.c.objc; path = learntest2Tests.m; sourceTree = "<group>"; };
		18C2BA361C7FFABA00E4413F /* Info.plist */ = {isa = PBXFileReference; lastKnownFileType = text.plist.xml; path = Info.plist; sourceTree = "<group>"; };
		18C2BA3B1C7FFABA00E4413F /* learntest2UITests.xctest */ = {isa = PBXFileReference; explicitFileType = wrapper.cfbundle; includeInIndex = 0; path = learntest2UITests.xctest; sourceTree = BUILT_PRODUCTS_DIR; };
		18C2BA3F1C7FFABA00E4413F /* learntest2UITests.m */ = {isa = PBXFileReference; lastKnownFileType = sourcecode.c.objc; path = learntest2UITests.m; sourceTree = "<group>"; };
		18C2BA411C7FFABA00E4413F /* Info.plist */ = {isa = PBXFileReference; lastKnownFileType = text.plist.xml; path = Info.plist; sourceTree = "<group>"; };
/* End PBXFileReference section */

/* Begin PBXFrameworksBuildPhase section */
		18C2BA141C7FFABA00E4413F /* Frameworks */ = {
			isa = PBXFrameworksBuildPhase;
			buildActionMask = 2147483647;
			files = (
			);
			runOnlyForDeploymentPostprocessing = 0;
		};
		18C2BA2D1C7FFABA00E4413F /* Frameworks */ = {
			isa = PBXFrameworksBuildPhase;
			buildActionMask = 2147483647;
			files = (
			);
			runOnlyForDeploymentPostprocessing = 0;
		};
		18C2BA381C7FFABA00E4413F /* Frameworks */ = {
			isa = PBXFrameworksBuildPhase;
			buildActionMask = 2147483647;
			files = (
			);
			runOnlyForDeploymentPostprocessing = 0;
		};
/* End PBXFrameworksBuildPhase section */

/* Begin PBXGroup section */
		18C2BA0E1C7FFABA00E4413F = {
			isa = PBXGroup;
			children = (
				18C2BA191C7FFABA00E4413F /* learntest2 */,
				18C2BA331C7FFABA00E4413F /* learntest2Tests */,
				18C2BA3E1C7FFABA00E4413F /* learntest2UITests */,
				18C2BA181C7FFABA00E4413F /* Products */,
			);
			sourceTree = "<group>";
		};
		18C2BA181C7FFABA00E4413F /* Products */ = {
			isa = PBXGroup;
			children = (
				18C2BA171C7FFABA00E4413F /* learntest2.app */,
				18C2BA301C7FFABA00E4413F /* learntest2Tests.xctest */,
				18C2BA3B1C7FFABA00E4413F /* learntest2UITests.xctest */,
			);
			name = Products;
			sourceTree = "<group>";
		};
		18C2BA191C7FFABA00E4413F /* learntest2 */ = {
			isa = PBXGroup;
			children = (
				18C2BA1D1C7FFABA00E4413F /* AppDelegate.h */,
				18C2BA1E1C7FFABA00E4413F /* AppDelegate.m */,
				18C2BA201C7FFABA00E4413F /* ViewController.h */,
				18C2BA211C7FFABA00E4413F /* ViewController.m */,
				18C2BA231C7FFABA00E4413F /* Main.storyboard */,
				18C2BA261C7FFABA00E4413F /* Assets.xcassets */,
				18C2BA281C7FFABA00E4413F /* LaunchScreen.storyboard */,
				18C2BA2B1C7FFABA00E4413F /* Info.plist */,
				18C2BA1A1C7FFABA00E4413F /* Supporting Files */,
			);
			path = learntest2;
			sourceTree = "<group>";
		};
		18C2BA1A1C7FFABA00E4413F /* Supporting Files */ = {
			isa = PBXGroup;
			children = (
				18C2BA1B1C7FFABA00E4413F /* main.m */,
			);
			name = "Supporting Files";
			sourceTree = "<group>";
		};
		18C2BA331C7FFABA00E4413F /* learntest2Tests */ = {
			isa = PBXGroup;
			children = (
				18C2BA341C7FFABA00E4413F /* learntest2Tests.m */,
				18C2BA361C7FFABA00E4413F /* Info.plist */,
			);
			path = learntest2Tests;
			sourceTree = "<group>";
		};
		18C2BA3E1C7FFABA00E4413F /* learntest2UITests */ = {
			isa = PBXGroup;
			children = (
				18C2BA3F1C7FFABA00E4413F /* learntest2UITests.m */,
				18C2BA411C7FFABA00E4413F /* Info.plist */,
			);
			path = learntest2UITests;
			sourceTree = "<group>";
		};
/* End PBXGroup section */

/* Begin PBXNativeTarget section */
		18C2BA161C7FFABA00E4413F /* learntest2 */ = {
			isa = PBXNativeTarget;
			buildConfigurationList = 18C2BA441C7FFABA00E4413F /* Build configuration list for PBXNativeTarget "learntest2" */;
			buildPhases = (
				18C2BA131C7FFABA00E4413F /* Sources */,
				18C2BA141C7FFABA00E4413F /* Frameworks */,
				18C2BA151C7FFABA00E4413F /* Resources */,
			);
			buildRules = (
			);
			dependencies = (
			);
			name = learntest2;
			productName = learntest2;
			productReference = 18C2BA171C7FFABA00E4413F /* learntest2.app */;
			productType = "com.apple.product-type.application";
		};
		18C2BA2F1C7FFABA00E4413F /* learntest2Tests */ = {
			isa = PBXNativeTarget;
			buildConfigurationList = 18C2BA471C7FFABA00E4413F /* Build configuration list for PBXNativeTarget "learntest2Tests" */;
			buildPhases = (
				18C2BA2C1C7FFABA00E4413F /* Sources */,
				18C2BA2D1C7FFABA00E4413F /* Frameworks */,
				18C2BA2E1C7FFABA00E4413F /* Resources */,
			);
			buildRules = (
			);
			dependencies = (
				18C2BA321C7FFABA00E4413F /* PBXTargetDependency */,
			);
			name = learntest2Tests;
			productName = learntest2Tests;
			productReference = 18C2BA301C7FFABA00E4413F /* learntest2Tests.xctest */;
			productType = "com.apple.product-type.bundle.unit-test";
		};
		18C2BA3A1C7FFABA00E4413F /* learntest2UITests */ = {
			isa = PBXNativeTarget;
			buildConfigurationList = 18C2BA4A1C7FFABA00E4413F /* Build configuration list for PBXNativeTarget "learntest2UITests" */;
			buildPhases = (
				18C2BA371C7FFABA00E4413F /* Sources */,
				18C2BA381C7FFABA00E4413F /* Frameworks */,
				18C2BA391C7FFABA00E4413F /* Resources */,
			);
			buildRules = (
			);
			dependencies = (
				18C2BA3D1C7FFABA00E4413F /* PBXTargetDependency */,
			);
			name = learntest2UITests;
			productName = learntest2UITests;
			productReference = 18C2BA3B1C7FFABA00E4413F /* learntest2UITests.xctest */;
			productType = "com.apple.product-type.bundle.ui-testing";
		};
/* End PBXNativeTarget section */

/* Begin PBXProject section */
		18C2BA0F1C7FFABA00E4413F /* Project object */ = {
			isa = PBXProject;
			attributes = {
				LastUpgradeCheck = 0720;
				ORGANIZATIONNAME = apple;
				TargetAttributes = {
					18C2BA161C7FFABA00E4413F = {
						CreatedOnToolsVersion = 7.2;
					};
					18C2BA2F1C7FFABA00E4413F = {
						CreatedOnToolsVersion = 7.2;
						TestTargetID = 18C2BA161C7FFABA00E4413F;
					};
					18C2BA3A1C7FFABA00E4413F = {
						CreatedOnToolsVersion = 7.2;
						TestTargetID = 18C2BA161C7FFABA00E4413F;
					};
				};
			};
			buildConfigurationList = 18C2BA121C7FFABA00E4413F /* Build configuration list for PBXProject "learntest2" */;
			compatibilityVersion = "Xcode 3.2";
			developmentRegion = English;
			hasScannedForEncodings = 0;
			knownRegions = (
				en,
				Base,
			);
			mainGroup = 18C2BA0E1C7FFABA00E4413F;
			productRefGroup = 18C2BA181C7FFABA00E4413F /* Products */;
			projectDirPath = "";
			projectRoot = "";
			targets = (
				18C2BA161C7FFABA00E4413F /* learntest2 */,
				18C2BA2F1C7FFABA00E4413F /* learntest2Tests */,
				18C2BA3A1C7FFABA00E4413F /* learntest2UITests */,
			);
		};
/* End PBXProject section */

/* Begin PBXResourcesBuildPhase section */
		18C2BA151C7FFABA00E4413F /* Resources */ = {
			isa = PBXResourcesBuildPhase;
			buildActionMask = 2147483647;
			files = (
				18C2BA2A1C7FFABA00E4413F /* LaunchScreen.storyboard in Resources */,
				18C2BA271C7FFABA00E4413F /* Assets.xcassets in Resources */,
				18C2BA251C7FFABA00E4413F /* Main.storyboard in Resources */,
			);
			runOnlyForDeploymentPostprocessing = 0;
		};
		18C2BA2E1C7FFABA00E4413F /* Resources */ = {
			isa = PBXResourcesBuildPhase;
			buildActionMask = 2147483647;
			files = (
			);
			runOnlyForDeploymentPostprocessing = 0;
		};
		18C2BA391C7FFABA00E4413F /* Resources */ = {
			isa = PBXResourcesBuildPhase;
			buildActionMask = 2147483647;
			files = (
			);
			runOnlyForDeploymentPostprocessing = 0;
		};
/* End PBXResourcesBuildPhase section */

/* Begin PBXSourcesBuildPhase section */
		18C2BA131C7FFABA00E4413F /* Sources */ = {
			isa = PBXSourcesBuildPhase;
			buildActionMask = 2147483647;
			files = (
				18C2BA221C7FFABA00E4413F /* ViewController.m in Sources */,
				18C2BA1F1C7FFABA00E4413F /* AppDelegate.m in Sources */,
				18C2BA1C1C7FFABA00E4413F /* main.m in Sources */,
			);
			runOnlyForDeploymentPostprocessing = 0;
		};
		18C2BA2C1C7FFABA00E4413F /* Sources */ = {
			isa = PBXSourcesBuildPhase;
			buildActionMask = 2147483647;
			files = (
				18C2BA351C7FFABA00E4413F /* learntest2Tests.m in Sources */,
			);
			runOnlyForDeploymentPostprocessing = 0;
		};
		18C2BA371C7FFABA00E4413F /* Sources */ = {
			isa = PBXSourcesBuildPhase;
			buildActionMask = 2147483647;
			files = (
				18C2BA401C7FFABA00E4413F /* learntest2UITests.m in Sources */,
			);
			runOnlyForDeploymentPostprocessing = 0;
		};
/* End PBXSourcesBuildPhase section */

/* Begin PBXTargetDependency section */
		18C2BA321C7FFABA00E4413F /* PBXTargetDependency */ = {
			isa = PBXTargetDependency;
			target = 18C2BA161C7FFABA00E4413F /* learntest2 */;
			targetProxy = 18C2BA311C7FFABA00E4413F /* PBXContainerItemProxy */;
		};
		18C2BA3D1C7FFABA00E4413F /* PBXTargetDependency */ = {
			isa = PBXTargetDependency;
			target = 18C2BA161C7FFABA00E4413F /* learntest2 */;
			targetProxy = 18C2BA3C1C7FFABA00E4413F /* PBXContainerItemProxy */;
		};
/* End PBXTargetDependency section */

/* Begin PBXVariantGroup section */
		18C2BA231C7FFABA00E4413F /* Main.storyboard */ = {
			isa = PBXVariantGroup;
			children = (
				18C2BA241C7FFABA00E4413F /* Base */,
			);
			name = Main.storyboard;
			sourceTree = "<group>";
		};
		18C2BA281C7FFABA00E4413F /* LaunchScreen.storyboard */ = {
			isa = PBXVariantGroup;
			children = (
				18C2BA291C7FFABA00E4413F /* Base */,
			);
			name = LaunchScreen.storyboard;
			sourceTree = "<group>";
		};
/* End PBXVariantGroup section */

/* Begin XCBuildConfiguration section */
		18C2BA421C7FFABA00E4413F /* Debug */ = {
			isa = XCBuildConfiguration;
			buildSettings = {
				ALWAYS_SEARCH_USER_PATHS = NO;
				CLANG_CXX_LANGUAGE_STANDARD = "gnu++0x";
				CLANG_CXX_LIBRARY = "libc++";
				CLANG_ENABLE_MODULES = YES;
				CLANG_ENABLE_OBJC_ARC = YES;
				CLANG_WARN_BOOL_CONVERSION = YES;
				CLANG_WARN_CONSTANT_CONVERSION = YES;
				CLANG_WARN_DIRECT_OBJC_ISA_USAGE = YES_ERROR;
				CLANG_WARN_EMPTY_BODY = YES;
				CLANG_WARN_ENUM_CONVERSION = YES;
				CLANG_WARN_INT_CONVERSION = YES;
				CLANG_WARN_OBJC_ROOT_CLASS = YES_ERROR;
				CLANG_WARN_UNREACHABLE_CODE = YES;
				CLANG_WARN__DUPLICATE_METHOD_MATCH = YES;
				"CODE_SIGN_IDENTITY[sdk=iphoneos*]" = "iPhone Developer";
				COPY_PHASE_STRIP = NO;
				DEBUG_INFORMATION_FORMAT = dwarf;
				ENABLE_STRICT_OBJC_MSGSEND = YES;
				ENABLE_TESTABILITY = YES;
				GCC_C_LANGUAGE_STANDARD = gnu99;
				GCC_DYNAMIC_NO_PIC = NO;
				GCC_NO_COMMON_BLOCKS = YES;
				GCC_OPTIMIZATION_LEVEL = 0;
				GCC_PREPROCESSOR_DEFINITIONS = (
					"DEBUG=1",
					"$(inherited)",
				);
				GCC_WARN_64_TO_32_BIT_CONVERSION = YES;
				GCC_WARN_ABOUT_RETURN_TYPE = YES_ERROR;
				GCC_WARN_UNDECLARED_SELECTOR = YES;
				GCC_WARN_UNINITIALIZED_AUTOS = YES_AGGRESSIVE;
				GCC_WARN_UNUSED_FUNCTION = YES;
				GCC_WARN_UNUSED_VARIABLE = YES;
				IPHONEOS_DEPLOYMENT_TARGET = 9.2;
				MTL_ENABLE_DEBUG_INFO = YES;
				ONLY_ACTIVE_ARCH = YES;
				SDKROOT = iphoneos;
			};
			name = Debug;
		};
		18C2BA431C7FFABA00E4413F /* Release */ = {
			isa = XCBuildConfiguration;
			buildSettings = {
				ALWAYS_SEARCH_USER_PATHS = NO;
				CLANG_CXX_LANGUAGE_STANDARD = "gnu++0x";
				CLANG_CXX_LIBRARY = "libc++";
				CLANG_ENABLE_MODULES = YES;
				CLANG_ENABLE_OBJC_ARC = YES;
				CLANG_WARN_BOOL_CONVERSION = YES;
				CLANG_WARN_CONSTANT_CONVERSION = YES;
				CLANG_WARN_DIRECT_OBJC_ISA_USAGE = YES_ERROR;
				CLANG_WARN_EMPTY_BODY = YES;
				CLANG_WARN_ENUM_CONVERSION = YES;
				CLANG_WARN_INT_CONVERSION = YES;
				CLANG_WARN_OBJC_ROOT_CLASS = YES_ERROR;
				CLANG_WARN_UNREACHABLE_CODE = YES;
				CLANG_WARN__DUPLICATE_METHOD_MATCH = YES;
				"CODE_SIGN_IDENTITY[sdk=iphoneos*]" = "iPhone Developer";
				COPY_PHASE_STRIP = NO;
				DEBUG_INFORMATION_FORMAT = "dwarf-with-dsym";
				ENABLE_NS_ASSERTIONS = NO;
				ENABLE_STRICT_OBJC_MSGSEND = YES;
				GCC_C_LANGUAGE_STANDARD = gnu99;
				GCC_NO_COMMON_BLOCKS = YES;
				GCC_WARN_64_TO_32_BIT_CONVERSION = YES;
				GCC_WARN_ABOUT_RETURN_TYPE = YES_ERROR;
				GCC_WARN_UNDECLARED_SELECTOR = YES;
				GCC_WARN_UNINITIALIZED_AUTOS = YES_AGGRESSIVE;
				GCC_WARN_UNUSED_FUNCTION = YES;
				GCC_WARN_UNUSED_VARIABLE = YES;
				IPHONEOS_DEPLOYMENT_TARGET = 9.2;
				MTL_ENABLE_DEBUG_INFO = NO;
				SDKROOT = iphoneos;
				VALIDATE_PRODUCT = YES;
			};
			name = Release;
		};
		18C2BA451C7FFABA00E4413F /* Debug */ = {
			isa = XCBuildConfiguration;
			buildSettings = {
				ASSETCATALOG_COMPILER_APPICON_NAME = AppIcon;
				INFOPLIST_FILE = learntest2/Info.plist;
				LD_RUNPATH_SEARCH_PATHS = "$(inherited) @executable_path/Frameworks";
				PRODUCT_BUNDLE_IDENTIFIER = com.OptimusPrime.learntest2;
				PRODUCT_NAME = "$(TARGET_NAME)";
			};
			name = Debug;
		};
		18C2BA461C7FFABA00E4413F /* Release */ = {
			isa = XCBuildConfiguration;
			buildSettings = {
				ASSETCATALOG_COMPILER_APPICON_NAME = AppIcon;
				INFOPLIST_FILE = learntest2/Info.plist;
				LD_RUNPATH_SEARCH_PATHS = "$(inherited) @executable_path/Frameworks";
				PRODUCT_BUNDLE_IDENTIFIER = com.OptimusPrime.learntest2;
				PRODUCT_NAME = "$(TARGET_NAME)";
			};
			name = Release;
		};
		18C2BA481C7FFABA00E4413F /* Debug */ = {
			isa = XCBuildConfiguration;
			buildSettings = {
				BUNDLE_LOADER = "$(TEST_HOST)";
				INFOPLIST_FILE = learntest2Tests/Info.plist;
				LD_RUNPATH_SEARCH_PATHS = "$(inherited) @executable_path/Frameworks @loader_path/Frameworks";
				PRODUCT_BUNDLE_IDENTIFIER = com.OptimusPrime.learntest2Tests;
				PRODUCT_NAME = "$(TARGET_NAME)";
				TEST_HOST = "$(BUILT_PRODUCTS_DIR)/learntest2.app/learntest2";
			};
			name = Debug;
		};
		18C2BA491C7FFABA00E4413F /* Release */ = {
			isa = XCBuildConfiguration;
			buildSettings = {
				BUNDLE_LOADER = "$(TEST_HOST)";
				INFOPLIST_FILE = learntest2Tests/Info.plist;
				LD_RUNPATH_SEARCH_PATHS = "$(inherited) @executable_path/Frameworks @loader_path/Frameworks";
				PRODUCT_BUNDLE_IDENTIFIER = com.OptimusPrime.learntest2Tests;
				PRODUCT_NAME = "$(TARGET_NAME)";
				TEST_HOST = "$(BUILT_PRODUCTS_DIR)/learntest2.app/learntest2";
			};
			name = Release;
		};
		18C2BA4B1C7FFABA00E4413F /* Debug */ = {
			isa = XCBuildConfiguration;
			buildSettings = {
				INFOPLIST_FILE = learntest2UITests/Info.plist;
				LD_RUNPATH_SEARCH_PATHS = "$(inherited) @executable_path/Frameworks @loader_path/Frameworks";
				PRODUCT_BUNDLE_IDENTIFIER = com.OptimusPrime.learntest2UITests;
				PRODUCT_NAME = "$(TARGET_NAME)";
				TEST_TARGET_NAME = learntest2;
				USES_XCTRUNNER = YES;
			};
			name = Debug;
		};
		18C2BA4C1C7FFABA00E4413F /* Release */ = {
			isa = XCBuildConfiguration;
			buildSettings = {
				INFOPLIST_FILE = learntest2UITests/Info.plist;
				LD_RUNPATH_SEARCH_PATHS = "$(inherited) @executable_path/Frameworks @loader_path/Frameworks";
				PRODUCT_BUNDLE_IDENTIFIER = com.OptimusPrime.learntest2UITests;
				PRODUCT_NAME = "$(TARGET_NAME)";
				TEST_TARGET_NAME = learntest2;
				USES_XCTRUNNER = YES;
			};
			name = Release;
		};
/* End XCBuildConfiguration section */

/* Begin XCConfigurationList section */
		18C2BA121C7FFABA00E4413F /* Build configuration list for PBXProject "learntest2" */ = {
			isa = XCConfigurationList;
			buildConfigurations = (
				18C2BA421C7FFABA00E4413F /* Debug */,
				18C2BA431C7FFABA00E4413F /* Release */,
			);
			defaultConfigurationIsVisible = 0;
			defaultConfigurationName = Release;
		};
		18C2BA441C7FFABA00E4413F /* Build configuration list for PBXNativeTarget "learntest2" */ = {
			isa = XCConfigurationList;
			buildConfigurations = (
				18C2BA451C7FFABA00E4413F /* Debug */,
				18C2BA461C7FFABA00E4413F /* Release */,
			);
			defaultConfigurationIsVisible = 0;
		};
		18C2BA471C7FFABA00E4413F /* Build configuration list for PBXNativeTarget "learntest2Tests" */ = {
			isa = XCConfigurationList;
			buildConfigurations = (
				18C2BA481C7FFABA00E4413F /* Debug */,
				18C2BA491C7FFABA00E4413F /* Release */,
			);
			defaultConfigurationIsVisible = 0;
		};
		18C2BA4A1C7FFABA00E4413F /* Build configuration list for PBXNativeTarget "learntest2UITests" */ = {
			isa = XCConfigurationList;
			buildConfigurations = (
				18C2BA4B1C7FFABA00E4413F /* Debug */,
				18C2BA4C1C7FFABA00E4413F /* Release */,
			);
			defaultConfigurationIsVisible = 0;
		};
/* End XCConfigurationList section */
	};
	rootObject = 18C2BA0F1C7FFABA00E4413F /* Project object */;
}
